
Microsoft Visual Studio Solution File, Format Version 12.00
# Visual Studio Version 16
VisualStudioVersion = 16.0.33529.622
MinimumVisualStudioVersion = 10.0.40219.1
Project("{FAE04EC0-301F-11D3-BF4B-00C04F79EFBC}") = "VTS-Kinect", "VTS-Kinect\VTS-Kinect.csproj", "{88FC65D5-E528-4B7D-8BB1-151AC19CAE61}"
EndProject
Global
	GlobalSection(SolutionConfigurationPlatforms) = preSolution
		Debug|Any CPU = Debug|Any CPU
		Release|Any CPU = Release|Any CPU
	EndGlobalSection
	GlobalSection(ProjectConfigurationPlatforms) = postSolution
		{88FC65D5-E528-4B7D-8BB1-151AC19CAE61}.Debug|Any CPU.ActiveCfg = Debug|Any CPU
		{88FC65D5-E528-4B7D-8BB1-151AC19CAE61}.Debug|Any CPU.Build.0 = Debug|Any CPU
		{88FC65D5-E528-4B7D-8BB1-151AC19CAE61}.Release|Any CPU.ActiveCfg = Release|Any CPU
		{88FC65D5-E528-4B7D-8BB1-151AC19CAE61}.Release|Any CPU.Build.0 = Release|Any CPU
	EndGlobalSection
	GlobalSection(SolutionProperties) = preSolution
		HideSolutionNode = FALSE
	EndGlobalSection
	GlobalSection(ExtensibilityGlobals) = postSolution
		SolutionGuid = {FE3E51D1-50B3-47AC-B053-693CA12483D4}
	EndGlobalSection
EndGlobal
